// !$*UTF8*$!
{
	archiveVersion = 1;
	classes = {
	};
	objectVersion = 56;
	objects = {

/* Begin PBXBuildFile section */
		A3C1F7D92A1DD8DD003770FF /* Blossom Watch App.app in Embed Watch Content */ = {isa = PBXBuildFile; fileRef = A3C1F7D82A1DD8DD003770FF /* Blossom Watch App.app */; settings = {ATTRIBUTES = (RemoveHeadersOnCopy, ); }; };
		A3C1F7DE2A1DD8DD003770FF /* BlossomApp.swift in Sources */ = {isa = PBXBuildFile; fileRef = A3C1F7DD2A1DD8DD003770FF /* BlossomApp.swift */; };
		A3C1F7E02A1DD8DD003770FF /* ContentView.swift in Sources */ = {isa = PBXBuildFile; fileRef = A3C1F7DF2A1DD8DD003770FF /* ContentView.swift */; };
		A3C1F7E22A1DD8DE003770FF /* Assets.xcassets in Resources */ = {isa = PBXBuildFile; fileRef = A3C1F7E12A1DD8DE003770FF /* Assets.xcassets */; };
		A3C1F7E52A1DD8DE003770FF /* Preview Assets.xcassets in Resources */ = {isa = PBXBuildFile; fileRef = A3C1F7E42A1DD8DE003770FF /* Preview Assets.xcassets */; };
		A3C1F7EF2A1DD8DE003770FF /* Blossom_Watch_AppTests.swift in Sources */ = {isa = PBXBuildFile; fileRef = A3C1F7EE2A1DD8DE003770FF /* Blossom_Watch_AppTests.swift */; };
		A3C1F7F92A1DD8DE003770FF /* Blossom_Watch_AppUITests.swift in Sources */ = {isa = PBXBuildFile; fileRef = A3C1F7F82A1DD8DE003770FF /* Blossom_Watch_AppUITests.swift */; };
		A3C1F7FB2A1DD8DE003770FF /* Blossom_Watch_AppUITestsLaunchTests.swift in Sources */ = {isa = PBXBuildFile; fileRef = A3C1F7FA2A1DD8DE003770FF /* Blossom_Watch_AppUITestsLaunchTests.swift */; };
/* End PBXBuildFile section */

/* Begin PBXContainerItemProxy section */
		A3C1F7DA2A1DD8DD003770FF /* PBXContainerItemProxy */ = {
			isa = PBXContainerItemProxy;
			containerPortal = A3C1F7CC2A1DD8DC003770FF /* Project object */;
			proxyType = 1;
			remoteGlobalIDString = A3C1F7D72A1DD8DD003770FF;
			remoteInfo = "Blossom Watch App";
		};
		A3C1F7EB2A1DD8DE003770FF /* PBXContainerItemProxy */ = {
			isa = PBXContainerItemProxy;
			containerPortal = A3C1F7CC2A1DD8DC003770FF /* Project object */;
			proxyType = 1;
			remoteGlobalIDString = A3C1F7D72A1DD8DD003770FF;
			remoteInfo = "Blossom Watch App";
		};
		A3C1F7F52A1DD8DE003770FF /* PBXContainerItemProxy */ = {
			isa = PBXContainerItemProxy;
			containerPortal = A3C1F7CC2A1DD8DC003770FF /* Project object */;
			proxyType = 1;
			remoteGlobalIDString = A3C1F7D72A1DD8DD003770FF;
			remoteInfo = "Blossom Watch App";
		};
/* End PBXContainerItemProxy section */

/* Begin PBXCopyFilesBuildPhase section */
		A3C1F8012A1DD8DE003770FF /* Embed Watch Content */ = {
			isa = PBXCopyFilesBuildPhase;
			buildActionMask = 2147483647;
			dstPath = "$(CONTENTS_FOLDER_PATH)/Watch";
			dstSubfolderSpec = 16;
			files = (
				A3C1F7D92A1DD8DD003770FF /* Blossom Watch App.app in Embed Watch Content */,
			);
			name = "Embed Watch Content";
			runOnlyForDeploymentPostprocessing = 0;
		};
/* End PBXCopyFilesBuildPhase section */

/* Begin PBXFileReference section */
		A3C1F7D22A1DD8DD003770FF /* Blossom.app */ = {isa = PBXFileReference; explicitFileType = wrapper.application; includeInIndex = 0; path = Blossom.app; sourceTree = BUILT_PRODUCTS_DIR; };
		A3C1F7D82A1DD8DD003770FF /* Blossom Watch App.app */ = {isa = PBXFileReference; explicitFileType = wrapper.application; includeInIndex = 0; path = "Blossom Watch App.app"; sourceTree = BUILT_PRODUCTS_DIR; };
		A3C1F7DD2A1DD8DD003770FF /* BlossomApp.swift */ = {isa = PBXFileReference; lastKnownFileType = sourcecode.swift; path = BlossomApp.swift; sourceTree = "<group>"; };
		A3C1F7DF2A1DD8DD003770FF /* ContentView.swift */ = {isa = PBXFileReference; lastKnownFileType = sourcecode.swift; path = ContentView.swift; sourceTree = "<group>"; };
		A3C1F7E12A1DD8DE003770FF /* Assets.xcassets */ = {isa = PBXFileReference; lastKnownFileType = folder.assetcatalog; path = Assets.xcassets; sourceTree = "<group>"; };
		A3C1F7E42A1DD8DE003770FF /* Preview Assets.xcassets */ = {isa = PBXFileReference; lastKnownFileType = folder.assetcatalog; path = "Preview Assets.xcassets"; sourceTree = "<group>"; };
		A3C1F7EA2A1DD8DE003770FF /* Blossom Watch AppTests.xctest */ = {isa = PBXFileReference; explicitFileType = wrapper.cfbundle; includeInIndex = 0; path = "Blossom Watch AppTests.xctest"; sourceTree = BUILT_PRODUCTS_DIR; };
		A3C1F7EE2A1DD8DE003770FF /* Blossom_Watch_AppTests.swift */ = {isa = PBXFileReference; lastKnownFileType = sourcecode.swift; path = Blossom_Watch_AppTests.swift; sourceTree = "<group>"; };
		A3C1F7F42A1DD8DE003770FF /* Blossom Watch AppUITests.xctest */ = {isa = PBXFileReference; explicitFileType = wrapper.cfbundle; includeInIndex = 0; path = "Blossom Watch AppUITests.xctest"; sourceTree = BUILT_PRODUCTS_DIR; };
		A3C1F7F82A1DD8DE003770FF /* Blossom_Watch_AppUITests.swift */ = {isa = PBXFileReference; lastKnownFileType = sourcecode.swift; path = Blossom_Watch_AppUITests.swift; sourceTree = "<group>"; };
		A3C1F7FA2A1DD8DE003770FF /* Blossom_Watch_AppUITestsLaunchTests.swift */ = {isa = PBXFileReference; lastKnownFileType = sourcecode.swift; path = Blossom_Watch_AppUITestsLaunchTests.swift; sourceTree = "<group>"; };
/* End PBXFileReference section */

/* Begin PBXFrameworksBuildPhase section */
		A3C1F7D52A1DD8DD003770FF /* Frameworks */ = {
			isa = PBXFrameworksBuildPhase;
			buildActionMask = 2147483647;
			files = (
			);
			runOnlyForDeploymentPostprocessing = 0;
		};
		A3C1F7E72A1DD8DE003770FF /* Frameworks */ = {
			isa = PBXFrameworksBuildPhase;
			buildActionMask = 2147483647;
			files = (
			);
			runOnlyForDeploymentPostprocessing = 0;
		};
		A3C1F7F12A1DD8DE003770FF /* Frameworks */ = {
			isa = PBXFrameworksBuildPhase;
			buildActionMask = 2147483647;
			files = (
			);
			runOnlyForDeploymentPostprocessing = 0;
		};
/* End PBXFrameworksBuildPhase section */

/* Begin PBXGroup section */
		A3C1F7CB2A1DD8DC003770FF = {
			isa = PBXGroup;
			children = (
				A3C1F7DC2A1DD8DD003770FF /* Blossom Watch App */,
				A3C1F7ED2A1DD8DE003770FF /* Blossom Watch AppTests */,
				A3C1F7F72A1DD8DE003770FF /* Blossom Watch AppUITests */,
				A3C1F7D32A1DD8DD003770FF /* Products */,
			);
			sourceTree = "<group>";
		};
		A3C1F7D32A1DD8DD003770FF /* Products */ = {
			isa = PBXGroup;
			children = (
				A3C1F7D22A1DD8DD003770FF /* Blossom.app */,
				A3C1F7D82A1DD8DD003770FF /* Blossom Watch App.app */,
				A3C1F7EA2A1DD8DE003770FF /* Blossom Watch AppTests.xctest */,
				A3C1F7F42A1DD8DE003770FF /* Blossom Watch AppUITests.xctest */,
			);
			name = Products;
			sourceTree = "<group>";
		};
		A3C1F7DC2A1DD8DD003770FF /* Blossom Watch App */ = {
			isa = PBXGroup;
			children = (
				A3C1F7DD2A1DD8DD003770FF /* BlossomApp.swift */,
				A3C1F7DF2A1DD8DD003770FF /* ContentView.swift */,
				A3C1F7E12A1DD8DE003770FF /* Assets.xcassets */,
				A3C1F7E32A1DD8DE003770FF /* Preview Content */,
			);
			path = "Blossom Watch App";
			sourceTree = "<group>";
		};
		A3C1F7E32A1DD8DE003770FF /* Preview Content */ = {
			isa = PBXGroup;
			children = (
				A3C1F7E42A1DD8DE003770FF /* Preview Assets.xcassets */,
			);
			path = "Preview Content";
			sourceTree = "<group>";
		};
		A3C1F7ED2A1DD8DE003770FF /* Blossom Watch AppTests */ = {
			isa = PBXGroup;
			children = (
				A3C1F7EE2A1DD8DE003770FF /* Blossom_Watch_AppTests.swift */,
			);
			path = "Blossom Watch AppTests";
			sourceTree = "<group>";
		};
		A3C1F7F72A1DD8DE003770FF /* Blossom Watch AppUITests */ = {
			isa = PBXGroup;
			children = (
				A3C1F7F82A1DD8DE003770FF /* Blossom_Watch_AppUITests.swift */,
				A3C1F7FA2A1DD8DE003770FF /* Blossom_Watch_AppUITestsLaunchTests.swift */,
			);
			path = "Blossom Watch AppUITests";
			sourceTree = "<group>";
		};
/* End PBXGroup section */

/* Begin PBXNativeTarget section */
		A3C1F7D12A1DD8DD003770FF /* Blossom */ = {
			isa = PBXNativeTarget;
			buildConfigurationList = A3C1F8022A1DD8DE003770FF /* Build configuration list for PBXNativeTarget "Blossom" */;
			buildPhases = (
				A3C1F7D02A1DD8DD003770FF /* Resources */,
				A3C1F8012A1DD8DE003770FF /* Embed Watch Content */,
			);
			buildRules = (
			);
			dependencies = (
				A3C1F7DB2A1DD8DD003770FF /* PBXTargetDependency */,
			);
			name = Blossom;
			productName = Blossom;
			productReference = A3C1F7D22A1DD8DD003770FF /* Blossom.app */;
			productType = "com.apple.product-type.application.watchapp2-container";
		};
		A3C1F7D72A1DD8DD003770FF /* Blossom Watch App */ = {
			isa = PBXNativeTarget;
			buildConfigurationList = A3C1F7FE2A1DD8DE003770FF /* Build configuration list for PBXNativeTarget "Blossom Watch App" */;
			buildPhases = (
				A3C1F7D42A1DD8DD003770FF /* Sources */,
				A3C1F7D52A1DD8DD003770FF /* Frameworks */,
				A3C1F7D62A1DD8DD003770FF /* Resources */,
			);
			buildRules = (
			);
			dependencies = (
			);
			name = "Blossom Watch App";
			productName = "Blossom Watch App";
			productReference = A3C1F7D82A1DD8DD003770FF /* Blossom Watch App.app */;
			productType = "com.apple.product-type.application";
		};
		A3C1F7E92A1DD8DE003770FF /* Blossom Watch AppTests */ = {
			isa = PBXNativeTarget;
			buildConfigurationList = A3C1F8052A1DD8DE003770FF /* Build configuration list for PBXNativeTarget "Blossom Watch AppTests" */;
			buildPhases = (
				A3C1F7E62A1DD8DE003770FF /* Sources */,
				A3C1F7E72A1DD8DE003770FF /* Frameworks */,
				A3C1F7E82A1DD8DE003770FF /* Resources */,
			);
			buildRules = (
			);
			dependencies = (
				A3C1F7EC2A1DD8DE003770FF /* PBXTargetDependency */,
			);
			name = "Blossom Watch AppTests";
			productName = "Blossom Watch AppTests";
			productReference = A3C1F7EA2A1DD8DE003770FF /* Blossom Watch AppTests.xctest */;
			productType = "com.apple.product-type.bundle.unit-test";
		};
		A3C1F7F32A1DD8DE003770FF /* Blossom Watch AppUITests */ = {
			isa = PBXNativeTarget;
			buildConfigurationList = A3C1F8082A1DD8DE003770FF /* Build configuration list for PBXNativeTarget "Blossom Watch AppUITests" */;
			buildPhases = (
				A3C1F7F02A1DD8DE003770FF /* Sources */,
				A3C1F7F12A1DD8DE003770FF /* Frameworks */,
				A3C1F7F22A1DD8DE003770FF /* Resources */,
			);
			buildRules = (
			);
			dependencies = (
				A3C1F7F62A1DD8DE003770FF /* PBXTargetDependency */,
			);
			name = "Blossom Watch AppUITests";
			productName = "Blossom Watch AppUITests";
			productReference = A3C1F7F42A1DD8DE003770FF /* Blossom Watch AppUITests.xctest */;
			productType = "com.apple.product-type.bundle.ui-testing";
		};
/* End PBXNativeTarget section */

/* Begin PBXProject section */
		A3C1F7CC2A1DD8DC003770FF /* Project object */ = {
			isa = PBXProject;
			attributes = {
				BuildIndependentTargetsInParallel = 1;
				LastSwiftUpdateCheck = 1430;
				LastUpgradeCheck = 1430;
				TargetAttributes = {
					A3C1F7D12A1DD8DD003770FF = {
						CreatedOnToolsVersion = 14.3;
					};
					A3C1F7D72A1DD8DD003770FF = {
						CreatedOnToolsVersion = 14.3;
					};
					A3C1F7E92A1DD8DE003770FF = {
						CreatedOnToolsVersion = 14.3;
						TestTargetID = A3C1F7D72A1DD8DD003770FF;
					};
					A3C1F7F32A1DD8DE003770FF = {
						CreatedOnToolsVersion = 14.3;
						TestTargetID = A3C1F7D72A1DD8DD003770FF;
					};
				};
			};
			buildConfigurationList = A3C1F7CF2A1DD8DC003770FF /* Build configuration list for PBXProject "Blossom" */;
			compatibilityVersion = "Xcode 14.0";
			developmentRegion = en;
			hasScannedForEncodings = 0;
			knownRegions = (
				en,
				Base,
			);
			mainGroup = A3C1F7CB2A1DD8DC003770FF;
			productRefGroup = A3C1F7D32A1DD8DD003770FF /* Products */;
			projectDirPath = "";
			projectRoot = "";
			targets = (
				A3C1F7D12A1DD8DD003770FF /* Blossom */,
				A3C1F7D72A1DD8DD003770FF /* Blossom Watch App */,
				A3C1F7E92A1DD8DE003770FF /* Blossom Watch AppTests */,
				A3C1F7F32A1DD8DE003770FF /* Blossom Watch AppUITests */,
			);
		};
/* End PBXProject section */

/* Begin PBXResourcesBuildPhase section */
		A3C1F7D02A1DD8DD003770FF /* Resources */ = {
			isa = PBXResourcesBuildPhase;
			buildActionMask = 2147483647;
			files = (
			);
			runOnlyForDeploymentPostprocessing = 0;
		};
		A3C1F7D62A1DD8DD003770FF /* Resources */ = {
			isa = PBXResourcesBuildPhase;
			buildActionMask = 2147483647;
			files = (
				A3C1F7E52A1DD8DE003770FF /* Preview Assets.xcassets in Resources */,
				A3C1F7E22A1DD8DE003770FF /* Assets.xcassets in Resources */,
			);
			runOnlyForDeploymentPostprocessing = 0;
		};
		A3C1F7E82A1DD8DE003770FF /* Resources */ = {
			isa = PBXResourcesBuildPhase;
			buildActionMask = 2147483647;
			files = (
			);
			runOnlyForDeploymentPostprocessing = 0;
		};
		A3C1F7F22A1DD8DE003770FF /* Resources */ = {
			isa = PBXResourcesBuildPhase;
			buildActionMask = 2147483647;
			files = (
			);
			runOnlyForDeploymentPostprocessing = 0;
		};
/* End PBXResourcesBuildPhase section */

/* Begin PBXSourcesBuildPhase section */
		A3C1F7D42A1DD8DD003770FF /* Sources */ = {
			isa = PBXSourcesBuildPhase;
			buildActionMask = 2147483647;
			files = (
				A3C1F7E02A1DD8DD003770FF /* ContentView.swift in Sources */,
				A3C1F7DE2A1DD8DD003770FF /* BlossomApp.swift in Sources */,
			);
			runOnlyForDeploymentPostprocessing = 0;
		};
		A3C1F7E62A1DD8DE003770FF /* Sources */ = {
			isa = PBXSourcesBuildPhase;
			buildActionMask = 2147483647;
			files = (
				A3C1F7EF2A1DD8DE003770FF /* Blossom_Watch_AppTests.swift in Sources */,
			);
			runOnlyForDeploymentPostprocessing = 0;
		};
		A3C1F7F02A1DD8DE003770FF /* Sources */ = {
			isa = PBXSourcesBuildPhase;
			buildActionMask = 2147483647;
			files = (
				A3C1F7FB2A1DD8DE003770FF /* Blossom_Watch_AppUITestsLaunchTests.swift in Sources */,
				A3C1F7F92A1DD8DE003770FF /* Blossom_Watch_AppUITests.swift in Sources */,
			);
			runOnlyForDeploymentPostprocessing = 0;
		};
/* End PBXSourcesBuildPhase section */

/* Begin PBXTargetDependency section */
		A3C1F7DB2A1DD8DD003770FF /* PBXTargetDependency */ = {
			isa = PBXTargetDependency;
			target = A3C1F7D72A1DD8DD003770FF /* Blossom Watch App */;
			targetProxy = A3C1F7DA2A1DD8DD003770FF /* PBXContainerItemProxy */;
		};
		A3C1F7EC2A1DD8DE003770FF /* PBXTargetDependency */ = {
			isa = PBXTargetDependency;
			target = A3C1F7D72A1DD8DD003770FF /* Blossom Watch App */;
			targetProxy = A3C1F7EB2A1DD8DE003770FF /* PBXContainerItemProxy */;
		};
		A3C1F7F62A1DD8DE003770FF /* PBXTargetDependency */ = {
			isa = PBXTargetDependency;
			target = A3C1F7D72A1DD8DD003770FF /* Blossom Watch App */;
			targetProxy = A3C1F7F52A1DD8DE003770FF /* PBXContainerItemProxy */;
		};
/* End PBXTargetDependency section */

/* Begin XCBuildConfiguration section */
		A3C1F7FC2A1DD8DE003770FF /* Debug */ = {
			isa = XCBuildConfiguration;
			buildSettings = {
				ALWAYS_SEARCH_USER_PATHS = NO;
				CLANG_ANALYZER_NONNULL = YES;
				CLANG_ANALYZER_NUMBER_OBJECT_CONVERSION = YES_AGGRESSIVE;
				CLANG_CXX_LANGUAGE_STANDARD = "gnu++20";
				CLANG_ENABLE_MODULES = YES;
				CLANG_ENABLE_OBJC_ARC = YES;
				CLANG_ENABLE_OBJC_WEAK = YES;
				CLANG_WARN_BLOCK_CAPTURE_AUTORELEASING = YES;
				CLANG_WARN_BOOL_CONVERSION = YES;
				CLANG_WARN_COMMA = YES;
				CLANG_WARN_CONSTANT_CONVERSION = YES;
				CLANG_WARN_DEPRECATED_OBJC_IMPLEMENTATIONS = YES;
				CLANG_WARN_DIRECT_OBJC_ISA_USAGE = YES_ERROR;
				CLANG_WARN_DOCUMENTATION_COMMENTS = YES;
				CLANG_WARN_EMPTY_BODY = YES;
				CLANG_WARN_ENUM_CONVERSION = YES;
				CLANG_WARN_INFINITE_RECURSION = YES;
				CLANG_WARN_INT_CONVERSION = YES;
				CLANG_WARN_NON_LITERAL_NULL_CONVERSION = YES;
				CLANG_WARN_OBJC_IMPLICIT_RETAIN_SELF = YES;
				CLANG_WARN_OBJC_LITERAL_CONVERSION = YES;
				CLANG_WARN_OBJC_ROOT_CLASS = YES_ERROR;
				CLANG_WARN_QUOTED_INCLUDE_IN_FRAMEWORK_HEADER = YES;
				CLANG_WARN_RANGE_LOOP_ANALYSIS = YES;
				CLANG_WARN_STRICT_PROTOTYPES = YES;
				CLANG_WARN_SUSPICIOUS_MOVE = YES;
				CLANG_WARN_UNGUARDED_AVAILABILITY = YES_AGGRESSIVE;
				CLANG_WARN_UNREACHABLE_CODE = YES;
				CLANG_WARN__DUPLICATE_METHOD_MATCH = YES;
				COPY_PHASE_STRIP = NO;
				DEBUG_INFORMATION_FORMAT = dwarf;
				ENABLE_STRICT_OBJC_MSGSEND = YES;
				ENABLE_TESTABILITY = YES;
				GCC_C_LANGUAGE_STANDARD = gnu11;
				GCC_DYNAMIC_NO_PIC = NO;
				GCC_NO_COMMON_BLOCKS = YES;
				GCC_OPTIMIZATION_LEVEL = 0;
				GCC_PREPROCESSOR_DEFINITIONS = (
					"DEBUG=1",
					"$(inherited)",
				);
				GCC_WARN_64_TO_32_BIT_CONVERSION = YES;
				GCC_WARN_ABOUT_RETURN_TYPE = YES_ERROR;
				GCC_WARN_UNDECLARED_SELECTOR = YES;
				GCC_WARN_UNINITIALIZED_AUTOS = YES_AGGRESSIVE;
				GCC_WARN_UNUSED_FUNCTION = YES;
				GCC_WARN_UNUSED_VARIABLE = YES;
				MTL_ENABLE_DEBUG_INFO = INCLUDE_SOURCE;
				MTL_FAST_MATH = YES;
				ONLY_ACTIVE_ARCH = YES;
				SWIFT_ACTIVE_COMPILATION_CONDITIONS = DEBUG;
				SWIFT_OPTIMIZATION_LEVEL = "-Onone";
			};
			name = Debug;
		};
		A3C1F7FD2A1DD8DE003770FF /* Release */ = {
			isa = XCBuildConfiguration;
			buildSettings = {
				ALWAYS_SEARCH_USER_PATHS = NO;
				CLANG_ANALYZER_NONNULL = YES;
				CLANG_ANALYZER_NUMBER_OBJECT_CONVERSION = YES_AGGRESSIVE;
				CLANG_CXX_LANGUAGE_STANDARD = "gnu++20";
				CLANG_ENABLE_MODULES = YES;
				CLANG_ENABLE_OBJC_ARC = YES;
				CLANG_ENABLE_OBJC_WEAK = YES;
				CLANG_WARN_BLOCK_CAPTURE_AUTORELEASING = YES;
				CLANG_WARN_BOOL_CONVERSION = YES;
				CLANG_WARN_COMMA = YES;
				CLANG_WARN_CONSTANT_CONVERSION = YES;
				CLANG_WARN_DEPRECATED_OBJC_IMPLEMENTATIONS = YES;
				CLANG_WARN_DIRECT_OBJC_ISA_USAGE = YES_ERROR;
				CLANG_WARN_DOCUMENTATION_COMMENTS = YES;
				CLANG_WARN_EMPTY_BODY = YES;
				CLANG_WARN_ENUM_CONVERSION = YES;
				CLANG_WARN_INFINITE_RECURSION = YES;
				CLANG_WARN_INT_CONVERSION = YES;
				CLANG_WARN_NON_LITERAL_NULL_CONVERSION = YES;
				CLANG_WARN_OBJC_IMPLICIT_RETAIN_SELF = YES;
				CLANG_WARN_OBJC_LITERAL_CONVERSION = YES;
				CLANG_WARN_OBJC_ROOT_CLASS = YES_ERROR;
				CLANG_WARN_QUOTED_INCLUDE_IN_FRAMEWORK_HEADER = YES;
				CLANG_WARN_RANGE_LOOP_ANALYSIS = YES;
				CLANG_WARN_STRICT_PROTOTYPES = YES;
				CLANG_WARN_SUSPICIOUS_MOVE = YES;
				CLANG_WARN_UNGUARDED_AVAILABILITY = YES_AGGRESSIVE;
				CLANG_WARN_UNREACHABLE_CODE = YES;
				CLANG_WARN__DUPLICATE_METHOD_MATCH = YES;
				COPY_PHASE_STRIP = NO;
				DEBUG_INFORMATION_FORMAT = "dwarf-with-dsym";
				ENABLE_NS_ASSERTIONS = NO;
				ENABLE_STRICT_OBJC_MSGSEND = YES;
				GCC_C_LANGUAGE_STANDARD = gnu11;
				GCC_NO_COMMON_BLOCKS = YES;
				GCC_WARN_64_TO_32_BIT_CONVERSION = YES;
				GCC_WARN_ABOUT_RETURN_TYPE = YES_ERROR;
				GCC_WARN_UNDECLARED_SELECTOR = YES;
				GCC_WARN_UNINITIALIZED_AUTOS = YES_AGGRESSIVE;
				GCC_WARN_UNUSED_FUNCTION = YES;
				GCC_WARN_UNUSED_VARIABLE = YES;
				MTL_ENABLE_DEBUG_INFO = NO;
				MTL_FAST_MATH = YES;
				SWIFT_COMPILATION_MODE = wholemodule;
				SWIFT_OPTIMIZATION_LEVEL = "-O";
			};
			name = Release;
		};
		A3C1F7FF2A1DD8DE003770FF /* Debug */ = {
			isa = XCBuildConfiguration;
			buildSettings = {
				ASSETCATALOG_COMPILER_APPICON_NAME = AppIcon;
				ASSETCATALOG_COMPILER_GLOBAL_ACCENT_COLOR_NAME = AccentColor;
				CODE_SIGN_STYLE = Automatic;
				CURRENT_PROJECT_VERSION = 1;
				DEVELOPMENT_ASSET_PATHS = "\"Blossom Watch App/Preview Content\"";
				DEVELOPMENT_TEAM = H747JY2BA4;
				ENABLE_PREVIEWS = YES;
				GENERATE_INFOPLIST_FILE = YES;
				INFOPLIST_KEY_CFBundleDisplayName = Blossom;
				INFOPLIST_KEY_UISupportedInterfaceOrientations = "UIInterfaceOrientationPortrait UIInterfaceOrientationPortraitUpsideDown";
				INFOPLIST_KEY_WKWatchOnly = YES;
				LD_RUNPATH_SEARCH_PATHS = (
					"$(inherited)",
					"@executable_path/Frameworks",
				);
				MARKETING_VERSION = 1.0;
				PRODUCT_BUNDLE_IDENTIFIER = "Apple-Developer-Academy.Blossom.watchkitapp";
				PRODUCT_NAME = "$(TARGET_NAME)";
				SDKROOT = watchos;
				SKIP_INSTALL = YES;
				SWIFT_EMIT_LOC_STRINGS = YES;
				SWIFT_VERSION = 5.0;
				TARGETED_DEVICE_FAMILY = 4;
				WATCHOS_DEPLOYMENT_TARGET = 9.4;
			};
			name = Debug;
		};
		A3C1F8002A1DD8DE003770FF /* Release */ = {
			isa = XCBuildConfiguration;
			buildSettings = {
				ASSETCATALOG_COMPILER_APPICON_NAME = AppIcon;
				ASSETCATALOG_COMPILER_GLOBAL_ACCENT_COLOR_NAME = AccentColor;
				CODE_SIGN_STYLE = Automatic;
				CURRENT_PROJECT_VERSION = 1;
				DEVELOPMENT_ASSET_PATHS = "\"Blossom Watch App/Preview Content\"";
				DEVELOPMENT_TEAM = H747JY2BA4;
				ENABLE_PREVIEWS = YES;
				GENERATE_INFOPLIST_FILE = YES;
				INFOPLIST_KEY_CFBundleDisplayName = Blossom;
				INFOPLIST_KEY_UISupportedInterfaceOrientations = "UIInterfaceOrientationPortrait UIInterfaceOrientationPortraitUpsideDown";
				INFOPLIST_KEY_WKWatchOnly = YES;
				LD_RUNPATH_SEARCH_PATHS = (
					"$(inherited)",
					"@executable_path/Frameworks",
				);
				MARKETING_VERSION = 1.0;
				PRODUCT_BUNDLE_IDENTIFIER = "Apple-Developer-Academy.Blossom.watchkitapp";
				PRODUCT_NAME = "$(TARGET_NAME)";
				SDKROOT = watchos;
				SKIP_INSTALL = YES;
				SWIFT_EMIT_LOC_STRINGS = YES;
				SWIFT_VERSION = 5.0;
				TARGETED_DEVICE_FAMILY = 4;
				VALIDATE_PRODUCT = YES;
				WATCHOS_DEPLOYMENT_TARGET = 9.4;
			};
			name = Release;
		};
		A3C1F8032A1DD8DE003770FF /* Debug */ = {
			isa = XCBuildConfiguration;
			buildSettings = {
				ALWAYS_EMBED_SWIFT_STANDARD_LIBRARIES = YES;
				CODE_SIGN_STYLE = Automatic;
				CURRENT_PROJECT_VERSION = 1;
				DEVELOPMENT_TEAM = H747JY2BA4;
				INFOPLIST_KEY_CFBundleDisplayName = Blossom;
				MARKETING_VERSION = 1.0;
				PRODUCT_BUNDLE_IDENTIFIER = "Apple-Developer-Academy.Blossom";
				PRODUCT_NAME = "$(TARGET_NAME)";
				SDKROOT = iphoneos;
				SWIFT_VERSION = 5.0;
			};
			name = Debug;
		};
		A3C1F8042A1DD8DE003770FF /* Release */ = {
			isa = XCBuildConfiguration;
			buildSettings = {
				ALWAYS_EMBED_SWIFT_STANDARD_LIBRARIES = YES;
				CODE_SIGN_STYLE = Automatic;
				CURRENT_PROJECT_VERSION = 1;
				DEVELOPMENT_TEAM = H747JY2BA4;
				INFOPLIST_KEY_CFBundleDisplayName = Blossom;
				MARKETING_VERSION = 1.0;
				PRODUCT_BUNDLE_IDENTIFIER = "Apple-Developer-Academy.Blossom";
				PRODUCT_NAME = "$(TARGET_NAME)";
				SDKROOT = iphoneos;
				SWIFT_VERSION = 5.0;
				VALIDATE_PRODUCT = YES;
			};
			name = Release;
		};
		A3C1F8062A1DD8DE003770FF /* Debug */ = {
			isa = XCBuildConfiguration;
			buildSettings = {
				ALWAYS_EMBED_SWIFT_STANDARD_LIBRARIES = YES;
				BUNDLE_LOADER = "$(TEST_HOST)";
				CODE_SIGN_STYLE = Automatic;
				CURRENT_PROJECT_VERSION = 1;
				DEVELOPMENT_TEAM = H747JY2BA4;
				GENERATE_INFOPLIST_FILE = YES;
				MARKETING_VERSION = 1.0;
				PRODUCT_BUNDLE_IDENTIFIER = "Apple-Developer-Academy.Blossom-Watch-AppTests";
				PRODUCT_NAME = "$(TARGET_NAME)";
				SDKROOT = watchos;
				SWIFT_EMIT_LOC_STRINGS = NO;
				SWIFT_VERSION = 5.0;
				TARGETED_DEVICE_FAMILY = 4;
				TEST_HOST = "$(BUILT_PRODUCTS_DIR)/Blossom Watch App.app/$(BUNDLE_EXECUTABLE_FOLDER_PATH)/Blossom Watch App";
				WATCHOS_DEPLOYMENT_TARGET = 9.4;
			};
			name = Debug;
		};
		A3C1F8072A1DD8DE003770FF /* Release */ = {
			isa = XCBuildConfiguration;
			buildSettings = {
				ALWAYS_EMBED_SWIFT_STANDARD_LIBRARIES = YES;
				BUNDLE_LOADER = "$(TEST_HOST)";
				CODE_SIGN_STYLE = Automatic;
				CURRENT_PROJECT_VERSION = 1;
				DEVELOPMENT_TEAM = H747JY2BA4;
				GENERATE_INFOPLIST_FILE = YES;
				MARKETING_VERSION = 1.0;
				PRODUCT_BUNDLE_IDENTIFIER = "Apple-Developer-Academy.Blossom-Watch-AppTests";
				PRODUCT_NAME = "$(TARGET_NAME)";
				SDKROOT = watchos;
				SWIFT_EMIT_LOC_STRINGS = NO;
				SWIFT_VERSION = 5.0;
				TARGETED_DEVICE_FAMILY = 4;
				TEST_HOST = "$(BUILT_PRODUCTS_DIR)/Blossom Watch App.app/$(BUNDLE_EXECUTABLE_FOLDER_PATH)/Blossom Watch App";
				VALIDATE_PRODUCT = YES;
				WATCHOS_DEPLOYMENT_TARGET = 9.4;
			};
			name = Release;
		};
		A3C1F8092A1DD8DE003770FF /* Debug */ = {
			isa = XCBuildConfiguration;
			buildSettings = {
				ALWAYS_EMBED_SWIFT_STANDARD_LIBRARIES = YES;
				CODE_SIGN_STYLE = Automatic;
				CURRENT_PROJECT_VERSION = 1;
				DEVELOPMENT_TEAM = H747JY2BA4;
				GENERATE_INFOPLIST_FILE = YES;
				MARKETING_VERSION = 1.0;
				PRODUCT_BUNDLE_IDENTIFIER = "Apple-Developer-Academy.Blossom-Watch-AppUITests";
				PRODUCT_NAME = "$(TARGET_NAME)";
				SDKROOT = watchos;
				SWIFT_EMIT_LOC_STRINGS = NO;
				SWIFT_VERSION = 5.0;
				TARGETED_DEVICE_FAMILY = 4;
				TEST_TARGET_NAME = "Blossom Watch App";
				WATCHOS_DEPLOYMENT_TARGET = 9.4;
			};
			name = Debug;
		};
		A3C1F80A2A1DD8DE003770FF /* Release */ = {
			isa = XCBuildConfiguration;
			buildSettings = {
				ALWAYS_EMBED_SWIFT_STANDARD_LIBRARIES = YES;
				CODE_SIGN_STYLE = Automatic;
				CURRENT_PROJECT_VERSION = 1;
				DEVELOPMENT_TEAM = H747JY2BA4;
				GENERATE_INFOPLIST_FILE = YES;
				MARKETING_VERSION = 1.0;
				PRODUCT_BUNDLE_IDENTIFIER = "Apple-Developer-Academy.Blossom-Watch-AppUITests";
				PRODUCT_NAME = "$(TARGET_NAME)";
				SDKROOT = watchos;
				SWIFT_EMIT_LOC_STRINGS = NO;
				SWIFT_VERSION = 5.0;
				TARGETED_DEVICE_FAMILY = 4;
				TEST_TARGET_NAME = "Blossom Watch App";
				VALIDATE_PRODUCT = YES;
				WATCHOS_DEPLOYMENT_TARGET = 9.4;
			};
			name = Release;
		};
/* End XCBuildConfiguration section */

/* Begin XCConfigurationList section */
		A3C1F7CF2A1DD8DC003770FF /* Build configuration list for PBXProject "Blossom" */ = {
			isa = XCConfigurationList;
			buildConfigurations = (
				A3C1F7FC2A1DD8DE003770FF /* Debug */,
				A3C1F7FD2A1DD8DE003770FF /* Release */,
			);
			defaultConfigurationIsVisible = 0;
			defaultConfigurationName = Release;
		};
		A3C1F7FE2A1DD8DE003770FF /* Build configuration list for PBXNativeTarget "Blossom Watch App" */ = {
			isa = XCConfigurationList;
			buildConfigurations = (
				A3C1F7FF2A1DD8DE003770FF /* Debug */,
				A3C1F8002A1DD8DE003770FF /* Release */,
			);
			defaultConfigurationIsVisible = 0;
			defaultConfigurationName = Release;
		};
		A3C1F8022A1DD8DE003770FF /* Build configuration list for PBXNativeTarget "Blossom" */ = {
			isa = XCConfigurationList;
			buildConfigurations = (
				A3C1F8032A1DD8DE003770FF /* Debug */,
				A3C1F8042A1DD8DE003770FF /* Release */,
			);
			defaultConfigurationIsVisible = 0;
			defaultConfigurationName = Release;
		};
		A3C1F8052A1DD8DE003770FF /* Build configuration list for PBXNativeTarget "Blossom Watch AppTests" */ = {
			isa = XCConfigurationList;
			buildConfigurations = (
				A3C1F8062A1DD8DE003770FF /* Debug */,
				A3C1F8072A1DD8DE003770FF /* Release */,
			);
			defaultConfigurationIsVisible = 0;
			defaultConfigurationName = Release;
		};
		A3C1F8082A1DD8DE003770FF /* Build configuration list for PBXNativeTarget "Blossom Watch AppUITests" */ = {
			isa = XCConfigurationList;
			buildConfigurations = (
				A3C1F8092A1DD8DE003770FF /* Debug */,
				A3C1F80A2A1DD8DE003770FF /* Release */,
			);
			defaultConfigurationIsVisible = 0;
			defaultConfigurationName = Release;
		};
/* End XCConfigurationList section */
	};
	rootObject = A3C1F7CC2A1DD8DC003770FF /* Project object */;
}
